
Microsoft Visual Studio Solution File, Format Version 12.00
# Visual Studio Version 17
VisualStudioVersion = 17.8.34322.80
MinimumVisualStudioVersion = 10.0.40219.1
Project("{FAE04EC0-301F-11D3-BF4B-00C04F79EFBC}") = "Backend", "Backend\Backend.csproj", "{7086705C-BBC2-4E08-9D35-4AB054393431}"
EndProject
Global
	GlobalSection(SolutionConfigurationPlatforms) = preSolution
		Debug|Any CPU = Debug|Any CPU
		Release|Any CPU = Release|Any CPU
	EndGlobalSection
	GlobalSection(ProjectConfigurationPlatforms) = postSolution
		{7086705C-BBC2-4E08-9D35-4AB054393431}.Debug|Any CPU.ActiveCfg = Debug|Any CPU
		{7086705C-BBC2-4E08-9D35-4AB054393431}.Debug|Any CPU.Build.0 = Debug|Any CPU
		{7086705C-BBC2-4E08-9D35-4AB054393431}.Release|Any CPU.ActiveCfg = Release|Any CPU
		{7086705C-BBC2-4E08-9D35-4AB054393431}.Release|Any CPU.Build.0 = Release|Any CPU
	EndGlobalSection
	GlobalSection(SolutionProperties) = preSolution
		HideSolutionNode = FALSE
	EndGlobalSection
	GlobalSection(ExtensibilityGlobals) = postSolution
		SolutionGuid = {ACDB8B72-AA05-4C59-810C-3BAC55B72A29}
	EndGlobalSection
EndGlobal
